// !$*UTF8*$!
{
	archiveVersion = 1;
	classes = {
	};
	objectVersion = 77;
	objects = {

/* Begin PBXBuildFile section */
		D8479D26301F930300B889E6 /* Metal.framework in Frameworks */ = {isa = PBXBuildFile; fileRef = D8479D25301F930300B889E6 /* Metal.framework */; };
		D8479E4B301FB6E100B889E6 /* Foundation.framework in Frameworks */ = {isa = PBXBuildFile; fileRef = D8479D23301F92FA00B889E6 /* Foundation.framework */; };
		D8479E4F301FB71A00B889E6 /* QuartzCore.framework in Frameworks */ = {isa = PBXBuildFile; fileRef = D8479E4E301FB71A00B889E6 /* QuartzCore.framework */; };
		D876AD2F3022956000D43AAC /* MetalKit.framework in Frameworks */ = {isa = PBXBuildFile; fileRef = D876AD2E3022956000D43AAC /* MetalKit.framework */; };
/* End PBXBuildFile section */

/* Begin PBXCopyFilesBuildPhase section */
		D8479D16301F92CA00B889E6 /* CopyFiles */ = {
			isa = PBXCopyFilesBuildPhase;
			buildActionMask = 2147483647;
			dstPath = /usr/share/man/man1/;
			dstSubfolderSpec = 0;
			files = (
			);
			runOnlyForDeploymentPostprocessing = 1;
		};
/* End PBXCopyFilesBuildPhase section */

/* Begin PBXFileReference section */
		D8479D18301F92CA00B889E6 /* LearnMetalAAPL */ = {isa = PBXFileReference; explicitFileType = "compiled.mach-o.executable"; includeInIndex = 0; path = LearnMetalAAPL; sourceTree = BUILT_PRODUCTS_DIR; };
		D8479D23301F92FA00B889E6 /* Foundation.framework */ = {isa = PBXFileReference; lastKnownFileType = wrapper.framework; name = Foundation.framework; path = System/Library/Frameworks/Foundation.framework; sourceTree = SDKROOT; };
		D8479D25301F930300B889E6 /* Metal.framework */ = {isa = PBXFileReference; lastKnownFileType = wrapper.framework; name = Metal.framework; path = System/Library/Frameworks/Metal.framework; sourceTree = SDKROOT; };
		D8479E4E301FB71A00B889E6 /* QuartzCore.framework */ = {isa = PBXFileReference; lastKnownFileType = wrapper.framework; name = QuartzCore.framework; path = System/Library/Frameworks/QuartzCore.framework; sourceTree = SDKROOT; };
		D876AD2E3022956000D43AAC /* MetalKit.framework */ = {isa = PBXFileReference; lastKnownFileType = wrapper.framework; name = MetalKit.framework; path = System/Library/Frameworks/MetalKit.framework; sourceTree = SDKROOT; };
/* End PBXFileReference section */

/* Begin PBXFileSystemSynchronizedRootGroup section */
		D8479D1A301F92CA00B889E6 /* LearnMetalAAPL */ = {
			isa = PBXFileSystemSynchronizedRootGroup;
			path = LearnMetalAAPL;
			sourceTree = "<group>";
		};
		D847A150301FBB7900B889E6 /* metal-cpp */ = {
			isa = PBXFileSystemSynchronizedRootGroup;
			path = "metal-cpp";
			sourceTree = "<group>";
		};
		D847A15E301FBB7D00B889E6 /* metal-cpp-extensions */ = {
			isa = PBXFileSystemSynchronizedRootGroup;
			path = "metal-cpp-extensions";
			sourceTree = "<group>";
		};
/* End PBXFileSystemSynchronizedRootGroup section */

/* Begin PBXFrameworksBuildPhase section */
		D8479D15301F92CA00B889E6 /* Frameworks */ = {
			isa = PBXFrameworksBuildPhase;
			buildActionMask = 2147483647;
			files = (
				D876AD2F3022956000D43AAC /* MetalKit.framework in Frameworks */,
				D8479E4F301FB71A00B889E6 /* QuartzCore.framework in Frameworks */,
				D8479E4B301FB6E100B889E6 /* Foundation.framework in Frameworks */,
				D8479D26301F930300B889E6 /* Metal.framework in Frameworks */,
			);
			runOnlyForDeploymentPostprocessing = 0;
		};
/* End PBXFrameworksBuildPhase section */

/* Begin PBXGroup section */
		D8479D0F301F92CA00B889E6 = {
			isa = PBXGroup;
			children = (
				D8479D1A301F92CA00B889E6 /* LearnMetalAAPL */,
				D8479D22301F92FA00B889E6 /* Frameworks */,
				D8479D19301F92CA00B889E6 /* Products */,
				D847A150301FBB7900B889E6 /* metal-cpp */,
				D847A15E301FBB7D00B889E6 /* metal-cpp-extensions */,
			);
			sourceTree = "<group>";
		};
		D8479D19301F92CA00B889E6 /* Products */ = {
			isa = PBXGroup;
			children = (
				D8479D18301F92CA00B889E6 /* LearnMetalAAPL */,
			);
			name = Products;
			sourceTree = "<group>";
		};
		D8479D22301F92FA00B889E6 /* Frameworks */ = {
			isa = PBXGroup;
			children = (
				D876AD2E3022956000D43AAC /* MetalKit.framework */,
				D8479E4E301FB71A00B889E6 /* QuartzCore.framework */,
				D8479D25301F930300B889E6 /* Metal.framework */,
				D8479D23301F92FA00B889E6 /* Foundation.framework */,
			);
			name = Frameworks;
			sourceTree = "<group>";
		};
/* End PBXGroup section */

/* Begin PBXNativeTarget section */
		D8479D17301F92CA00B889E6 /* LearnMetalAAPL */ = {
			isa = PBXNativeTarget;
			buildConfigurationList = D8479D1F301F92CA00B889E6 /* Build configuration list for PBXNativeTarget "LearnMetalAAPL" */;
			buildPhases = (
				D8479D14301F92CA00B889E6 /* Sources */,
				D8479D15301F92CA00B889E6 /* Frameworks */,
				D8479D16301F92CA00B889E6 /* CopyFiles */,
			);
			buildRules = (
			);
			dependencies = (
			);
			fileSystemSynchronizedGroups = (
				D8479D1A301F92CA00B889E6 /* LearnMetalAAPL */,
				D847A150301FBB7900B889E6 /* metal-cpp */,
				D847A15E301FBB7D00B889E6 /* metal-cpp-extensions */,
			);
			name = LearnMetalAAPL;
			packageProductDependencies = (
			);
			productName = LearnMetalAAPL;
			productReference = D8479D18301F92CA00B889E6 /* LearnMetalAAPL */;
			productType = "com.apple.product-type.tool";
		};
/* End PBXNativeTarget section */

/* Begin PBXProject section */
		D8479D10301F92CA00B889E6 /* Project object */ = {
			isa = PBXProject;
			attributes = {
				BuildIndependentTargetsInParallel = 1;
				LastUpgradeCheck = 2630;
				TargetAttributes = {
					D8479D17301F92CA00B889E6 = {
						CreatedOnToolsVersion = 26.3;
					};
				};
			};
			buildConfigurationList = D8479D13301F92CA00B889E6 /* Build configuration list for PBXProject "LearnMetalAAPL" */;
			developmentRegion = en;
			hasScannedForEncodings = 0;
			knownRegions = (
				en,
				Base,
			);
			mainGroup = D8479D0F301F92CA00B889E6;
			minimizedProjectReferenceProxies = 1;
			preferredProjectObjectVersion = 77;
			productRefGroup = D8479D19301F92CA00B889E6 /* Products */;
			projectDirPath = "";
			projectRoot = "";
			targets = (
				D8479D17301F92CA00B889E6 /* LearnMetalAAPL */,
			);
		};
/* End PBXProject section */

/* Begin PBXSourcesBuildPhase section */
		D8479D14301F92CA00B889E6 /* Sources */ = {
			isa = PBXSourcesBuildPhase;
			buildActionMask = 2147483647;
			files = (
			);
			runOnlyForDeploymentPostprocessing = 0;
		};
/* End PBXSourcesBuildPhase section */

/* Begin XCBuildConfiguration section */
		D8479D1D301F92CA00B889E6 /* Debug */ = {
			isa = XCBuildConfiguration;
			buildSettings = {
				ALWAYS_SEARCH_USER_PATHS = NO;
				ASSETCATALOG_COMPILER_GENERATE_SWIFT_ASSET_SYMBOL_EXTENSIONS = YES;
				CLANG_ANALYZER_NONNULL = YES;
				CLANG_ANALYZER_NUMBER_OBJECT_CONVERSION = YES_AGGRESSIVE;
				CLANG_CXX_LANGUAGE_STANDARD = "gnu++20";
				CLANG_ENABLE_MODULES = YES;
				CLANG_ENABLE_OBJC_ARC = YES;
				CLANG_ENABLE_OBJC_WEAK = YES;
				CLANG_WARN_BLOCK_CAPTURE_AUTORELEASING = YES;
				CLANG_WARN_BOOL_CONVERSION = YES;
				CLANG_WARN_COMMA = YES;
				CLANG_WARN_CONSTANT_CONVERSION = YES;
				CLANG_WARN_DEPRECATED_OBJC_IMPLEMENTATIONS = YES;
				CLANG_WARN_DIRECT_OBJC_ISA_USAGE = YES_ERROR;
				CLANG_WARN_DOCUMENTATION_COMMENTS = YES;
				CLANG_WARN_EMPTY_BODY = YES;
				CLANG_WARN_ENUM_CONVERSION = YES;
				CLANG_WARN_INFINITE_RECURSION = YES;
				CLANG_WARN_INT_CONVERSION = YES;
				CLANG_WARN_NON_LITERAL_NULL_CONVERSION = YES;
				CLANG_WARN_OBJC_IMPLICIT_RETAIN_SELF = YES;
				CLANG_WARN_OBJC_LITERAL_CONVERSION = YES;
				CLANG_WARN_OBJC_ROOT_CLASS = YES_ERROR;
				CLANG_WARN_QUOTED_INCLUDE_IN_FRAMEWORK_HEADER = YES;
				CLANG_WARN_RANGE_LOOP_ANALYSIS = YES;
				CLANG_WARN_STRICT_PROTOTYPES = YES;
				CLANG_WARN_SUSPICIOUS_MOVE = YES;
				CLANG_WARN_UNGUARDED_AVAILABILITY = YES_AGGRESSIVE;
				CLANG_WARN_UNREACHABLE_CODE = YES;
				CLANG_WARN__DUPLICATE_METHOD_MATCH = YES;
				COPY_PHASE_STRIP = NO;
				DEBUG_INFORMATION_FORMAT = dwarf;
				ENABLE_STRICT_OBJC_MSGSEND = YES;
				ENABLE_TESTABILITY = YES;
				ENABLE_USER_SCRIPT_SANDBOXING = YES;
				GCC_C_LANGUAGE_STANDARD = gnu17;
				GCC_DYNAMIC_NO_PIC = NO;
				GCC_NO_COMMON_BLOCKS = YES;
				GCC_OPTIMIZATION_LEVEL = 0;
				GCC_PREPROCESSOR_DEFINITIONS = (
					"DEBUG=1",
					"$(inherited)",
				);
				GCC_WARN_64_TO_32_BIT_CONVERSION = YES;
				GCC_WARN_ABOUT_RETURN_TYPE = YES_ERROR;
				GCC_WARN_UNDECLARED_SELECTOR = YES;
				GCC_WARN_UNINITIALIZED_AUTOS = YES_AGGRESSIVE;
				GCC_WARN_UNUSED_FUNCTION = YES;
				GCC_WARN_UNUSED_VARIABLE = YES;
				LOCALIZATION_PREFERS_STRING_CATALOGS = YES;
				MACOSX_DEPLOYMENT_TARGET = 15.6;
				MTL_ENABLE_DEBUG_INFO = INCLUDE_SOURCE;
				MTL_FAST_MATH = YES;
				ONLY_ACTIVE_ARCH = YES;
				SDKROOT = macosx;
			};
			name = Debug;
		};
		D8479D1E301F92CA00B889E6 /* Release */ = {
			isa = XCBuildConfiguration;
			buildSettings = {
				ALWAYS_SEARCH_USER_PATHS = NO;
				ASSETCATALOG_COMPILER_GENERATE_SWIFT_ASSET_SYMBOL_EXTENSIONS = YES;
				CLANG_ANALYZER_NONNULL = YES;
				CLANG_ANALYZER_NUMBER_OBJECT_CONVERSION = YES_AGGRESSIVE;
				CLANG_CXX_LANGUAGE_STANDARD = "gnu++20";
				CLANG_ENABLE_MODULES = YES;
				CLANG_ENABLE_OBJC_ARC = YES;
				CLANG_ENABLE_OBJC_WEAK = YES;
				CLANG_WARN_BLOCK_CAPTURE_AUTORELEASING = YES;
				CLANG_WARN_BOOL_CONVERSION = YES;
				CLANG_WARN_COMMA = YES;
				CLANG_WARN_CONSTANT_CONVERSION = YES;
				CLANG_WARN_DEPRECATED_OBJC_IMPLEMENTATIONS = YES;
				CLANG_WARN_DIRECT_OBJC_ISA_USAGE = YES_ERROR;
				CLANG_WARN_DOCUMENTATION_COMMENTS = YES;
				CLANG_WARN_EMPTY_BODY = YES;
				CLANG_WARN_ENUM_CONVERSION = YES;
				CLANG_WARN_INFINITE_RECURSION = YES;
				CLANG_WARN_INT_CONVERSION = YES;
				CLANG_WARN_NON_LITERAL_NULL_CONVERSION = YES;
				CLANG_WARN_OBJC_IMPLICIT_RETAIN_SELF = YES;
				CLANG_WARN_OBJC_LITERAL_CONVERSION = YES;
				CLANG_WARN_OBJC_ROOT_CLASS = YES_ERROR;
				CLANG_WARN_QUOTED_INCLUDE_IN_FRAMEWORK_HEADER = YES;
				CLANG_WARN_RANGE_LOOP_ANALYSIS = YES;
				CLANG_WARN_STRICT_PROTOTYPES = YES;
				CLANG_WARN_SUSPICIOUS_MOVE = YES;
				CLANG_WARN_UNGUARDED_AVAILABILITY = YES_AGGRESSIVE;
				CLANG_WARN_UNREACHABLE_CODE = YES;
				CLANG_WARN__DUPLICATE_METHOD_MATCH = YES;
				COPY_PHASE_STRIP = NO;
				DEBUG_INFORMATION_FORMAT = "dwarf-with-dsym";
				ENABLE_NS_ASSERTIONS = NO;
				ENABLE_STRICT_OBJC_MSGSEND = YES;
				ENABLE_USER_SCRIPT_SANDBOXING = YES;
				GCC_C_LANGUAGE_STANDARD = gnu17;
				GCC_NO_COMMON_BLOCKS = YES;
				GCC_WARN_64_TO_32_BIT_CONVERSION = YES;
				GCC_WARN_ABOUT_RETURN_TYPE = YES_ERROR;
				GCC_WARN_UNDECLARED_SELECTOR = YES;
				GCC_WARN_UNINITIALIZED_AUTOS = YES_AGGRESSIVE;
				GCC_WARN_UNUSED_FUNCTION = YES;
				GCC_WARN_UNUSED_VARIABLE = YES;
				LOCALIZATION_PREFERS_STRING_CATALOGS = YES;
				MACOSX_DEPLOYMENT_TARGET = 15.6;
				MTL_ENABLE_DEBUG_INFO = NO;
				MTL_FAST_MATH = YES;
				SDKROOT = macosx;
			};
			name = Release;
		};
		D8479D20301F92CA00B889E6 /* Debug */ = {
			isa = XCBuildConfiguration;
			buildSettings = {
				CODE_SIGN_STYLE = Automatic;
				PRODUCT_NAME = "$(TARGET_NAME)";
				SYSTEM_HEADER_SEARCH_PATHS = (
					"$(PROJECT_DIR)/metal-cpp",
					"$(PROJECT_DIR)/metal-cpp-extensions",
				);
			};
			name = Debug;
		};
		D8479D21301F92CA00B889E6 /* Release */ = {
			isa = XCBuildConfiguration;
			buildSettings = {
				CODE_SIGN_STYLE = Automatic;
				PRODUCT_NAME = "$(TARGET_NAME)";
				SYSTEM_HEADER_SEARCH_PATHS = (
					"$(PROJECT_DIR)/metal-cpp",
					"$(PROJECT_DIR)/metal-cpp-extensions",
				);
			};
			name = Release;
		};
/* End XCBuildConfiguration section */

/* Begin XCConfigurationList section */
		D8479D13301F92CA00B889E6 /* Build configuration list for PBXProject "LearnMetalAAPL" */ = {
			isa = XCConfigurationList;
			buildConfigurations = (
				D8479D1D301F92CA00B889E6 /* Debug */,
				D8479D1E301F92CA00B889E6 /* Release */,
			);
			defaultConfigurationIsVisible = 0;
			defaultConfigurationName = Release;
		};
		D8479D1F301F92CA00B889E6 /* Build configuration list for PBXNativeTarget "LearnMetalAAPL" */ = {
			isa = XCConfigurationList;
			buildConfigurations = (
				D8479D20301F92CA00B889E6 /* Debug */,
				D8479D21301F92CA00B889E6 /* Release */,
			);
			defaultConfigurationIsVisible = 0;
			defaultConfigurationName = Release;
		};
/* End XCConfigurationList section */
	};
	rootObject = D8479D10301F92CA00B889E6 /* Project object */;
}
